
Microsoft Visual Studio Solution File, Format Version 12.00
# Visual Studio Version 17
VisualStudioVersion = 17.4.33213.308
MinimumVisualStudioVersion = 10.0.40219.1
Project("{FAE04EC0-301F-11D3-BF4B-00C04F79EFBC}") = "Data", "Data\Data.csproj", "{666A3F75-A20D-44FA-B5C2-D30DC04D887A}"
EndProject
Global
	GlobalSection(SolutionConfigurationPlatforms) = preSolution
		Debug|Any CPU = Debug|Any CPU
		Release|Any CPU = Release|Any CPU
	EndGlobalSection
	GlobalSection(ProjectConfigurationPlatforms) = postSolution
		{666A3F75-A20D-44FA-B5C2-D30DC04D887A}.Debug|Any CPU.ActiveCfg = Debug|Any CPU
		{666A3F75-A20D-44FA-B5C2-D30DC04D887A}.Debug|Any CPU.Build.0 = Debug|Any CPU
		{666A3F75-A20D-44FA-B5C2-D30DC04D887A}.Release|Any CPU.ActiveCfg = Release|Any CPU
		{666A3F75-A20D-44FA-B5C2-D30DC04D887A}.Release|Any CPU.Build.0 = Release|Any CPU
	EndGlobalSection
	GlobalSection(SolutionProperties) = preSolution
		HideSolutionNode = FALSE
	EndGlobalSection
	GlobalSection(ExtensibilityGlobals) = postSolution
		SolutionGuid = {42F61445-E032-47C4-BC4E-FE675DB6A357}
	EndGlobalSection
EndGlobal
